
Microsoft Visual Studio Solution File, Format Version 12.00
# Visual Studio Version 17
VisualStudioVersion = 17.4.33403.182
MinimumVisualStudioVersion = 10.0.40219.1
Project("{FAE04EC0-301F-11D3-BF4B-00C04F79EFBC}") = "FOK-GYEM_VideoPlayer", "FOK-GYEM_VideoPlayer.csproj", "{CCDCBC99-5DC5-4071-A1A0-47302493BE79}"
EndProject
Global
	GlobalSection(SolutionConfigurationPlatforms) = preSolution
		Debug|Any CPU = Debug|Any CPU
		Release|Any CPU = Release|Any CPU
	EndGlobalSection
	GlobalSection(ProjectConfigurationPlatforms) = postSolution
		{CCDCBC99-5DC5-4071-A1A0-47302493BE79}.Debug|Any CPU.ActiveCfg = Debug|Any CPU
		{CCDCBC99-5DC5-4071-A1A0-47302493BE79}.Debug|Any CPU.Build.0 = Debug|Any CPU
		{CCDCBC99-5DC5-4071-A1A0-47302493BE79}.Release|Any CPU.ActiveCfg = Release|Any CPU
		{CCDCBC99-5DC5-4071-A1A0-47302493BE79}.Release|Any CPU.Build.0 = Release|Any CPU
	EndGlobalSection
	GlobalSection(SolutionProperties) = preSolution
		HideSolutionNode = FALSE
	EndGlobalSection
	GlobalSection(ExtensibilityGlobals) = postSolution
		SolutionGuid = {F9F1FC4B-1686-47BF-BBC7-651F10588E44}
	EndGlobalSection
EndGlobal
